
Microsoft Visual Studio Solution File, Format Version 12.00
# Visual Studio Version 17
VisualStudioVersion = 17.14.36301.6 d17.14
MinimumVisualStudioVersion = 10.0.40219.1
Project("{FAE04EC0-301F-11D3-BF4B-00C04F79EFBC}") = "Programacionll_ProyectoVS", "Programacionll_ProyectoVS\Programacionll_ProyectoVS.csproj", "{D2FE1483-6EDD-48A2-9614-EDD16265BB47}"
EndProject
Global
	GlobalSection(SolutionConfigurationPlatforms) = preSolution
		Debug|Any CPU = Debug|Any CPU
		Release|Any CPU = Release|Any CPU
	EndGlobalSection
	GlobalSection(ProjectConfigurationPlatforms) = postSolution
		{D2FE1483-6EDD-48A2-9614-EDD16265BB47}.Debug|Any CPU.ActiveCfg = Debug|Any CPU
		{D2FE1483-6EDD-48A2-9614-EDD16265BB47}.Debug|Any CPU.Build.0 = Debug|Any CPU
		{D2FE1483-6EDD-48A2-9614-EDD16265BB47}.Release|Any CPU.ActiveCfg = Release|Any CPU
		{D2FE1483-6EDD-48A2-9614-EDD16265BB47}.Release|Any CPU.Build.0 = Release|Any CPU
	EndGlobalSection
	GlobalSection(SolutionProperties) = preSolution
		HideSolutionNode = FALSE
	EndGlobalSection
	GlobalSection(ExtensibilityGlobals) = postSolution
		SolutionGuid = {CD3E86A6-6F15-4116-B26F-E3BA1782C3CF}
	EndGlobalSection
EndGlobal
